
Microsoft Visual Studio Solution File, Format Version 12.00
# Visual Studio Version 17
VisualStudioVersion = 17.11.35111.106
MinimumVisualStudioVersion = 10.0.40219.1
Project("{9A19103F-16F7-4668-BE54-9A1E7A4F7556}") = "OnbhoardingTask", "OnbhoardingTask\OnbhoardingTask.csproj", "{C1FF346F-E5ED-449F-8DD6-3402DF276E55}"
EndProject
Global
	GlobalSection(SolutionConfigurationPlatforms) = preSolution
		Debug|Any CPU = Debug|Any CPU
		Release|Any CPU = Release|Any CPU
	EndGlobalSection
	GlobalSection(ProjectConfigurationPlatforms) = postSolution
		{C1FF346F-E5ED-449F-8DD6-3402DF276E55}.Debug|Any CPU.ActiveCfg = Debug|Any CPU
		{C1FF346F-E5ED-449F-8DD6-3402DF276E55}.Debug|Any CPU.Build.0 = Debug|Any CPU
		{C1FF346F-E5ED-449F-8DD6-3402DF276E55}.Release|Any CPU.ActiveCfg = Release|Any CPU
		{C1FF346F-E5ED-449F-8DD6-3402DF276E55}.Release|Any CPU.Build.0 = Release|Any CPU
	EndGlobalSection
	GlobalSection(SolutionProperties) = preSolution
		HideSolutionNode = FALSE
	EndGlobalSection
	GlobalSection(ExtensibilityGlobals) = postSolution
		SolutionGuid = {3EC78608-F85E-49AD-8F0F-0531817D2B13}
	EndGlobalSection
EndGlobal
